{
  "name": "gametripscript",
  "version": "0.0.1",
  "lockfileVersion": 1,
  "requires": true,
  "dependencies": {
    "typescript": {
      "version": "4.0.3",
      "resolved": "https://axags.jfrog.io/axags/api/npm/virtual-bcn-node/typescript/-/typescript-4.0.3.tgz",
      "integrity": "sha1-FTu9Ro7wdyXB35x36LRT+NNqu6U=",
      "dev": true
    }
  }
}
